<?xml version="1.0" encoding="UTF-8" standalone="yes" ?>
<CodeBlocks_project_file>
	<FileVersion major="1" minor="6" />
	<Project>
		<Option title="dombs" />
		<Option pch_mode="2" />
		<Option compiler="gcc" />
		<Build>
			<Target title="Debug">
				<Option output="bin/Debug/dombs" prefix_auto="1" extension_auto="1" />
				<Option object_output="obj/Debug/" />
				<Option type="1" />
				<Option compiler="gcc" />
				<Compiler>
					<Add option="-g" />
					<Add directory="include" />
				</Compiler>
			</Target>
			<Target title="Release">
				<Option output="bin/Release/dombs" prefix_auto="1" extension_auto="1" />
				<Option object_output="obj/Release/" />
				<Option type="1" />
				<Option compiler="gcc" />
				<Compiler>
					<Add option="-O2" />
					<Add directory="include" />
				</Compiler>
				<Linker>
					<Add option="-s" />
				</Linker>
			</Target>
		</Build>
		<Compiler>
			<Add option="-Wall" />
			<Add directory="include" />
		</Compiler>
		<Unit filename="BallJoint.cpp">
			<Option target="Debug" />
		</Unit>
		<Unit filename="BallJoint.h">
			<Option target="Debug" />
		</Unit>
		<Unit filename="Body.cpp">
			<Option target="Debug" />
		</Unit>
		<Unit filename="Body.h">
			<Option target="Debug" />
		</Unit>
		<Unit filename="Constraint.cpp">
			<Option target="Debug" />
		</Unit>
		<Unit filename="Constraint.h">
			<Option target="Debug" />
		</Unit>
		<Unit filename="DombsMain.cpp">
			<Option target="Debug" />
		</Unit>
		<Unit filename="DombsMain.h">
			<Option target="Debug" />
		</Unit>
		<Unit filename="include/Solver.h" />
		<Unit filename="main.cpp">
			<Option target="Debug" />
		</Unit>
		<Unit filename="src/Solver.cpp" />
		<Extensions>
			<code_completion />
			<envvars />
			<debugger />
			<lib_finder disable_auto="1" />
		</Extensions>
	</Project>
</CodeBlocks_project_file>
