<?xml version="1.0" encoding="UTF-8" standalone="yes" ?>
<CodeBlocks_project_file>
	<FileVersion major="1" minor="6" />
	<Project>
		<Option title="dombs" />
		<Option pch_mode="2" />
		<Option compiler="gcc" />
		<Build>
			<Target title="Debug">
				<Option output="bin/Debug/dombs" prefix_auto="1" extension_auto="1" />
				<Option object_output="obj/Debug/" />
				<Option type="1" />
				<Option compiler="gcc" />
				<Compiler>
					<Add option="-g" />
					<Add directory="include" />
				</Compiler>
				<Linker>
					<Add library="libs\blas_win32_MT.lib" />
					<Add library="libs\lapack_win32_MT.lib" />
					<Add directory="libs" />
				</Linker>
			</Target>
			<Target title="Release">
				<Option output="bin/Release/dombs" prefix_auto="1" extension_auto="1" />
				<Option object_output="obj/Release/" />
				<Option type="1" />
				<Option compiler="gcc" />
				<Compiler>
					<Add option="-O2" />
					<Add directory="include" />
				</Compiler>
				<Linker>
					<Add option="-s" />
				</Linker>
			</Target>
		</Build>
		<Compiler>
			<Add option="-Wall" />
			<Add directory="include" />
		</Compiler>
		<Linker>
			<Add library="libs\blas_win32_MT.lib" />
			<Add library="libs\lapack_win32_MT.lib" />
			<Add directory="libs" />
		</Linker>
		<Unit filename="include/BallJoint.h" />
		<Unit filename="include/Body.h" />
		<Unit filename="include/Constraint.h" />
		<Unit filename="include/DombsMain.h" />
		<Unit filename="include/EulerParameterConstraint.h" />
		<Unit filename="include/FixBallJoint.h" />
		<Unit filename="include/Ode4.h" />
		<Unit filename="include/Solver.h" />
		<Unit filename="include/dombs.h" />
		<Unit filename="src/BallJoint.cpp" />
		<Unit filename="src/Body.cpp" />
		<Unit filename="src/Constraint.cpp" />
		<Unit filename="src/DombsMain.cpp" />
		<Unit filename="src/EulerParameterConstraint.cpp" />
		<Unit filename="src/FixBallJoint.cpp" />
		<Unit filename="src/Ode4.cpp" />
		<Unit filename="src/Solver.cpp" />
		<Unit filename="src/dombs.cpp" />
		<Unit filename="src/main.cpp" />
		<Extensions>
			<code_completion />
			<envvars />
			<debugger />
			<lib_finder disable_auto="1" />
		</Extensions>
	</Project>
</CodeBlocks_project_file>
